
Microsoft Visual Studio Solution File, Format Version 12.00
# Visual Studio 2013
VisualStudioVersion = 12.0.30723.0
MinimumVisualStudioVersion = 10.0.40219.1
Project("{FAE04EC0-301F-11D3-BF4B-00C04F79EFBC}") = "CatalogoPeliculas", "CatalogoPeliculas\CatalogoPeliculas.csproj", "{5023C434-7991-4C33-905F-5092279CF735}"
EndProject
Project("{FAE04EC0-301F-11D3-BF4B-00C04F79EFBC}") = "DAL", "DAL\DAL.csproj", "{46764527-48E2-41B9-9DDB-C2B4BA30C573}"
EndProject
Project("{FAE04EC0-301F-11D3-BF4B-00C04F79EFBC}") = "BLL", "BLL\BLL.csproj", "{209F574B-6941-482F-94E9-E8C991302757}"
EndProject
Global
	GlobalSection(SolutionConfigurationPlatforms) = preSolution
		Debug|Any CPU = Debug|Any CPU
		Release|Any CPU = Release|Any CPU
	EndGlobalSection
	GlobalSection(ProjectConfigurationPlatforms) = postSolution
		{5023C434-7991-4C33-905F-5092279CF735}.Debug|Any CPU.ActiveCfg = Debug|Any CPU
		{5023C434-7991-4C33-905F-5092279CF735}.Debug|Any CPU.Build.0 = Debug|Any CPU
		{5023C434-7991-4C33-905F-5092279CF735}.Release|Any CPU.ActiveCfg = Release|Any CPU
		{5023C434-7991-4C33-905F-5092279CF735}.Release|Any CPU.Build.0 = Release|Any CPU
		{46764527-48E2-41B9-9DDB-C2B4BA30C573}.Debug|Any CPU.ActiveCfg = Debug|Any CPU
		{46764527-48E2-41B9-9DDB-C2B4BA30C573}.Debug|Any CPU.Build.0 = Debug|Any CPU
		{46764527-48E2-41B9-9DDB-C2B4BA30C573}.Release|Any CPU.ActiveCfg = Release|Any CPU
		{46764527-48E2-41B9-9DDB-C2B4BA30C573}.Release|Any CPU.Build.0 = Release|Any CPU
		{209F574B-6941-482F-94E9-E8C991302757}.Debug|Any CPU.ActiveCfg = Debug|Any CPU
		{209F574B-6941-482F-94E9-E8C991302757}.Debug|Any CPU.Build.0 = Debug|Any CPU
		{209F574B-6941-482F-94E9-E8C991302757}.Release|Any CPU.ActiveCfg = Release|Any CPU
		{209F574B-6941-482F-94E9-E8C991302757}.Release|Any CPU.Build.0 = Release|Any CPU
	EndGlobalSection
	GlobalSection(SolutionProperties) = preSolution
		HideSolutionNode = FALSE
	EndGlobalSection
EndGlobal
